
Microsoft Visual Studio Solution File, Format Version 12.00
Project("{FAE04EC0-301F-11D3-BF4B-00C04F79EFBC}") = "NShop.Common.Application", "NShop.Common.Application\NShop.Common.Application.csproj", "{2500DFE2-8886-47AA-81FF-B0169786CD6A}"
EndProject
Project("{2150E333-8FDC-42A3-9474-1A3956D46DE8}") = "Tests", "Tests", "{D8B9D0E3-6306-46AE-AE18-57C0708D95B7}"
EndProject
Project("{FAE04EC0-301F-11D3-BF4B-00C04F79EFBC}") = "NShop.Common.Application.Tests", "Tests\NShop.Common.Application.Tests\NShop.Common.Application.Tests.csproj", "{4ABE944D-7FD3-49A9-A1E9-B723699B3D4A}"
EndProject
Global
	GlobalSection(SolutionConfigurationPlatforms) = preSolution
		Debug|Any CPU = Debug|Any CPU
		Release|Any CPU = Release|Any CPU
	EndGlobalSection
	GlobalSection(ProjectConfigurationPlatforms) = postSolution
		{2500DFE2-8886-47AA-81FF-B0169786CD6A}.Debug|Any CPU.ActiveCfg = Debug|Any CPU
		{2500DFE2-8886-47AA-81FF-B0169786CD6A}.Debug|Any CPU.Build.0 = Debug|Any CPU
		{2500DFE2-8886-47AA-81FF-B0169786CD6A}.Release|Any CPU.ActiveCfg = Release|Any CPU
		{2500DFE2-8886-47AA-81FF-B0169786CD6A}.Release|Any CPU.Build.0 = Release|Any CPU
		{4ABE944D-7FD3-49A9-A1E9-B723699B3D4A}.Debug|Any CPU.ActiveCfg = Debug|Any CPU
		{4ABE944D-7FD3-49A9-A1E9-B723699B3D4A}.Debug|Any CPU.Build.0 = Debug|Any CPU
		{4ABE944D-7FD3-49A9-A1E9-B723699B3D4A}.Release|Any CPU.ActiveCfg = Release|Any CPU
		{4ABE944D-7FD3-49A9-A1E9-B723699B3D4A}.Release|Any CPU.Build.0 = Release|Any CPU
	EndGlobalSection
	GlobalSection(NestedProjects) = preSolution
		{4ABE944D-7FD3-49A9-A1E9-B723699B3D4A} = {D8B9D0E3-6306-46AE-AE18-57C0708D95B7}
	EndGlobalSection
EndGlobal
